
Microsoft Visual Studio Solution File, Format Version 12.00
# Visual Studio Version 16
VisualStudioVersion = 16.0.31410.357
MinimumVisualStudioVersion = 10.0.40219.1
Project("{FAE04EC0-301F-11D3-BF4B-00C04F79EFBC}") = "Entidades", "Entidades\Entidades.csproj", "{BC2C0F9F-2946-4FDC-B41D-D61A6A114BA3}"
EndProject
Project("{FAE04EC0-301F-11D3-BF4B-00C04F79EFBC}") = "Negocio", "Negocio\Negocio.csproj", "{87E17F81-1372-4C3A-9B2F-9F5CF0A28165}"
EndProject
Project("{FAE04EC0-301F-11D3-BF4B-00C04F79EFBC}") = "Datos", "Datos\Datos.csproj", "{A8353B08-E193-4AB6-AEAA-C34841B2398D}"
EndProject
Project("{FAE04EC0-301F-11D3-BF4B-00C04F79EFBC}") = "WebApi_PA_Peru", "WebApi_PA_Peru\WebApi_PA_Peru.csproj", "{F9AECDF9-3AD9-4E5F-BC1C-7BBEF8152680}"
EndProject
Global
	GlobalSection(SolutionConfigurationPlatforms) = preSolution
		Debug|Any CPU = Debug|Any CPU
		Release|Any CPU = Release|Any CPU
	EndGlobalSection
	GlobalSection(ProjectConfigurationPlatforms) = postSolution
		{BC2C0F9F-2946-4FDC-B41D-D61A6A114BA3}.Debug|Any CPU.ActiveCfg = Debug|Any CPU
		{BC2C0F9F-2946-4FDC-B41D-D61A6A114BA3}.Debug|Any CPU.Build.0 = Debug|Any CPU
		{BC2C0F9F-2946-4FDC-B41D-D61A6A114BA3}.Release|Any CPU.ActiveCfg = Release|Any CPU
		{BC2C0F9F-2946-4FDC-B41D-D61A6A114BA3}.Release|Any CPU.Build.0 = Release|Any CPU
		{87E17F81-1372-4C3A-9B2F-9F5CF0A28165}.Debug|Any CPU.ActiveCfg = Debug|Any CPU
		{87E17F81-1372-4C3A-9B2F-9F5CF0A28165}.Debug|Any CPU.Build.0 = Debug|Any CPU
		{87E17F81-1372-4C3A-9B2F-9F5CF0A28165}.Release|Any CPU.ActiveCfg = Release|Any CPU
		{87E17F81-1372-4C3A-9B2F-9F5CF0A28165}.Release|Any CPU.Build.0 = Release|Any CPU
		{A8353B08-E193-4AB6-AEAA-C34841B2398D}.Debug|Any CPU.ActiveCfg = Debug|Any CPU
		{A8353B08-E193-4AB6-AEAA-C34841B2398D}.Debug|Any CPU.Build.0 = Debug|Any CPU
		{A8353B08-E193-4AB6-AEAA-C34841B2398D}.Release|Any CPU.ActiveCfg = Release|Any CPU
		{A8353B08-E193-4AB6-AEAA-C34841B2398D}.Release|Any CPU.Build.0 = Release|Any CPU
		{F9AECDF9-3AD9-4E5F-BC1C-7BBEF8152680}.Debug|Any CPU.ActiveCfg = Debug|Any CPU
		{F9AECDF9-3AD9-4E5F-BC1C-7BBEF8152680}.Debug|Any CPU.Build.0 = Debug|Any CPU
		{F9AECDF9-3AD9-4E5F-BC1C-7BBEF8152680}.Release|Any CPU.ActiveCfg = Release|Any CPU
		{F9AECDF9-3AD9-4E5F-BC1C-7BBEF8152680}.Release|Any CPU.Build.0 = Release|Any CPU
	EndGlobalSection
	GlobalSection(SolutionProperties) = preSolution
		HideSolutionNode = FALSE
	EndGlobalSection
	GlobalSection(ExtensibilityGlobals) = postSolution
		SolutionGuid = {C5B13C05-C0A7-4C06-8C20-73165133F18F}
	EndGlobalSection
EndGlobal
